// !$*UTF8*$!
{
	archiveVersion = 1;
	classes = {
	};
	objectVersion = 55;
	objects = {

/* Begin PBXBuildFile section */
		8309C2A02818357000A00003 /* LandmarkDetail.swift in Sources */ = {isa = PBXBuildFile; fileRef = 8309C29F2818357000A00003 /* LandmarkDetail.swift */; };
		832456572813F19900492EE5 /* landmarkData.json in Resources */ = {isa = PBXBuildFile; fileRef = 832456562813F19900492EE5 /* landmarkData.json */; };
		832456592813F1C900492EE5 /* Landmark.swift in Sources */ = {isa = PBXBuildFile; fileRef = 832456582813F1C900492EE5 /* Landmark.swift */; };
		8324565B2813F6DB00492EE5 /* ModelData.swift in Sources */ = {isa = PBXBuildFile; fileRef = 8324565A2813F6DB00492EE5 /* ModelData.swift */; };
		832C0E2B2816E470000113CF /* LandmarkRow.swift in Sources */ = {isa = PBXBuildFile; fileRef = 832C0E2A2816E470000113CF /* LandmarkRow.swift */; };
		83559B1A27FF268900FA44B0 /* LandmarksApp.swift in Sources */ = {isa = PBXBuildFile; fileRef = 83559B1927FF268900FA44B0 /* LandmarksApp.swift */; };
		83559B1C27FF268900FA44B0 /* ContentView.swift in Sources */ = {isa = PBXBuildFile; fileRef = 83559B1B27FF268900FA44B0 /* ContentView.swift */; };
		83559B1E27FF268900FA44B0 /* Assets.xcassets in Resources */ = {isa = PBXBuildFile; fileRef = 83559B1D27FF268900FA44B0 /* Assets.xcassets */; };
		83559B2127FF268900FA44B0 /* Preview Assets.xcassets in Resources */ = {isa = PBXBuildFile; fileRef = 83559B2027FF268900FA44B0 /* Preview Assets.xcassets */; };
		83559B2827FF354900FA44B0 /* CircleImage.swift in Sources */ = {isa = PBXBuildFile; fileRef = 83559B2727FF354900FA44B0 /* CircleImage.swift */; };
		83559B2A27FF398800FA44B0 /* MapView.swift in Sources */ = {isa = PBXBuildFile; fileRef = 83559B2927FF398800FA44B0 /* MapView.swift */; };
		83C1AE5F2816EB3100EDC6AC /* LandmarkList.swift in Sources */ = {isa = PBXBuildFile; fileRef = 83C1AE5E2816EB3100EDC6AC /* LandmarkList.swift */; };
/* End PBXBuildFile section */

/* Begin PBXFileReference section */
		8309C29F2818357000A00003 /* LandmarkDetail.swift */ = {isa = PBXFileReference; lastKnownFileType = sourcecode.swift; path = LandmarkDetail.swift; sourceTree = "<group>"; };
		832456562813F19900492EE5 /* landmarkData.json */ = {isa = PBXFileReference; fileEncoding = 4; lastKnownFileType = text.json; path = landmarkData.json; sourceTree = "<group>"; };
		832456582813F1C900492EE5 /* Landmark.swift */ = {isa = PBXFileReference; lastKnownFileType = sourcecode.swift; path = Landmark.swift; sourceTree = "<group>"; };
		8324565A2813F6DB00492EE5 /* ModelData.swift */ = {isa = PBXFileReference; lastKnownFileType = sourcecode.swift; path = ModelData.swift; sourceTree = "<group>"; };
		832C0E2A2816E470000113CF /* LandmarkRow.swift */ = {isa = PBXFileReference; lastKnownFileType = sourcecode.swift; path = LandmarkRow.swift; sourceTree = "<group>"; };
		83559B1627FF268900FA44B0 /* Landmarks.app */ = {isa = PBXFileReference; explicitFileType = wrapper.application; includeInIndex = 0; path = Landmarks.app; sourceTree = BUILT_PRODUCTS_DIR; };
		83559B1927FF268900FA44B0 /* LandmarksApp.swift */ = {isa = PBXFileReference; lastKnownFileType = sourcecode.swift; path = LandmarksApp.swift; sourceTree = "<group>"; };
		83559B1B27FF268900FA44B0 /* ContentView.swift */ = {isa = PBXFileReference; lastKnownFileType = sourcecode.swift; path = ContentView.swift; sourceTree = "<group>"; };
		83559B1D27FF268900FA44B0 /* Assets.xcassets */ = {isa = PBXFileReference; lastKnownFileType = folder.assetcatalog; path = Assets.xcassets; sourceTree = "<group>"; };
		83559B2027FF268900FA44B0 /* Preview Assets.xcassets */ = {isa = PBXFileReference; lastKnownFileType = folder.assetcatalog; path = "Preview Assets.xcassets"; sourceTree = "<group>"; };
		83559B2727FF354900FA44B0 /* CircleImage.swift */ = {isa = PBXFileReference; lastKnownFileType = sourcecode.swift; path = CircleImage.swift; sourceTree = "<group>"; };
		83559B2927FF398800FA44B0 /* MapView.swift */ = {isa = PBXFileReference; lastKnownFileType = sourcecode.swift; path = MapView.swift; sourceTree = "<group>"; };
		83C1AE5E2816EB3100EDC6AC /* LandmarkList.swift */ = {isa = PBXFileReference; lastKnownFileType = sourcecode.swift; path = LandmarkList.swift; sourceTree = "<group>"; };
/* End PBXFileReference section */

/* Begin PBXFrameworksBuildPhase section */
		83559B1327FF268900FA44B0 /* Frameworks */ = {
			isa = PBXFrameworksBuildPhase;
			buildActionMask = 2147483647;
			files = (
			);
			runOnlyForDeploymentPostprocessing = 0;
		};
/* End PBXFrameworksBuildPhase section */

/* Begin PBXGroup section */
		832C0E262816E3A2000113CF /* Views */ = {
			isa = PBXGroup;
			children = (
				83559B1B27FF268900FA44B0 /* ContentView.swift */,
				83559B2727FF354900FA44B0 /* CircleImage.swift */,
				83559B2927FF398800FA44B0 /* MapView.swift */,
				832C0E2A2816E470000113CF /* LandmarkRow.swift */,
				83C1AE5E2816EB3100EDC6AC /* LandmarkList.swift */,
				8309C29F2818357000A00003 /* LandmarkDetail.swift */,
			);
			path = Views;
			sourceTree = "<group>";
		};
		832C0E282816E3E0000113CF /* Resources */ = {
			isa = PBXGroup;
			children = (
				832456562813F19900492EE5 /* landmarkData.json */,
			);
			path = Resources;
			sourceTree = "<group>";
		};
		832C0E292816E41E000113CF /* Model */ = {
			isa = PBXGroup;
			children = (
				832456582813F1C900492EE5 /* Landmark.swift */,
				8324565A2813F6DB00492EE5 /* ModelData.swift */,
			);
			path = Model;
			sourceTree = "<group>";
		};
		83559B0D27FF268900FA44B0 = {
			isa = PBXGroup;
			children = (
				83559B1827FF268900FA44B0 /* Landmarks */,
				83559B1727FF268900FA44B0 /* Products */,
			);
			sourceTree = "<group>";
		};
		83559B1727FF268900FA44B0 /* Products */ = {
			isa = PBXGroup;
			children = (
				83559B1627FF268900FA44B0 /* Landmarks.app */,
			);
			name = Products;
			sourceTree = "<group>";
		};
		83559B1827FF268900FA44B0 /* Landmarks */ = {
			isa = PBXGroup;
			children = (
				83559B1927FF268900FA44B0 /* LandmarksApp.swift */,
				832C0E262816E3A2000113CF /* Views */,
				832C0E292816E41E000113CF /* Model */,
				83559B1D27FF268900FA44B0 /* Assets.xcassets */,
				83559B1F27FF268900FA44B0 /* Preview Content */,
				832C0E282816E3E0000113CF /* Resources */,
			);
			path = Landmarks;
			sourceTree = "<group>";
		};
		83559B1F27FF268900FA44B0 /* Preview Content */ = {
			isa = PBXGroup;
			children = (
				83559B2027FF268900FA44B0 /* Preview Assets.xcassets */,
			);
			path = "Preview Content";
			sourceTree = "<group>";
		};
/* End PBXGroup section */

/* Begin PBXNativeTarget section */
		83559B1527FF268900FA44B0 /* Landmarks */ = {
			isa = PBXNativeTarget;
			buildConfigurationList = 83559B2427FF268900FA44B0 /* Build configuration list for PBXNativeTarget "Landmarks" */;
			buildPhases = (
				83559B1227FF268900FA44B0 /* Sources */,
				83559B1327FF268900FA44B0 /* Frameworks */,
				83559B1427FF268900FA44B0 /* Resources */,
			);
			buildRules = (
			);
			dependencies = (
			);
			name = Landmarks;
			productName = Landmarks;
			productReference = 83559B1627FF268900FA44B0 /* Landmarks.app */;
			productType = "com.apple.product-type.application";
		};
/* End PBXNativeTarget section */

/* Begin PBXProject section */
		83559B0E27FF268900FA44B0 /* Project object */ = {
			isa = PBXProject;
			attributes = {
				BuildIndependentTargetsInParallel = 1;
				LastSwiftUpdateCheck = 1330;
				LastUpgradeCheck = 1330;
				TargetAttributes = {
					83559B1527FF268900FA44B0 = {
						CreatedOnToolsVersion = 13.3;
					};
				};
			};
			buildConfigurationList = 83559B1127FF268900FA44B0 /* Build configuration list for PBXProject "Landmarks" */;
			compatibilityVersion = "Xcode 13.0";
			developmentRegion = en;
			hasScannedForEncodings = 0;
			knownRegions = (
				en,
				Base,
			);
			mainGroup = 83559B0D27FF268900FA44B0;
			productRefGroup = 83559B1727FF268900FA44B0 /* Products */;
			projectDirPath = "";
			projectRoot = "";
			targets = (
				83559B1527FF268900FA44B0 /* Landmarks */,
			);
		};
/* End PBXProject section */

/* Begin PBXResourcesBuildPhase section */
		83559B1427FF268900FA44B0 /* Resources */ = {
			isa = PBXResourcesBuildPhase;
			buildActionMask = 2147483647;
			files = (
				83559B2127FF268900FA44B0 /* Preview Assets.xcassets in Resources */,
				83559B1E27FF268900FA44B0 /* Assets.xcassets in Resources */,
				832456572813F19900492EE5 /* landmarkData.json in Resources */,
			);
			runOnlyForDeploymentPostprocessing = 0;
		};
/* End PBXResourcesBuildPhase section */

/* Begin PBXSourcesBuildPhase section */
		83559B1227FF268900FA44B0 /* Sources */ = {
			isa = PBXSourcesBuildPhase;
			buildActionMask = 2147483647;
			files = (
				83559B1C27FF268900FA44B0 /* ContentView.swift in Sources */,
				83559B2A27FF398800FA44B0 /* MapView.swift in Sources */,
				83559B1A27FF268900FA44B0 /* LandmarksApp.swift in Sources */,
				83C1AE5F2816EB3100EDC6AC /* LandmarkList.swift in Sources */,
				8309C2A02818357000A00003 /* LandmarkDetail.swift in Sources */,
				83559B2827FF354900FA44B0 /* CircleImage.swift in Sources */,
				832456592813F1C900492EE5 /* Landmark.swift in Sources */,
				832C0E2B2816E470000113CF /* LandmarkRow.swift in Sources */,
				8324565B2813F6DB00492EE5 /* ModelData.swift in Sources */,
			);
			runOnlyForDeploymentPostprocessing = 0;
		};
/* End PBXSourcesBuildPhase section */

/* Begin XCBuildConfiguration section */
		83559B2227FF268900FA44B0 /* Debug */ = {
			isa = XCBuildConfiguration;
			buildSettings = {
				ALWAYS_SEARCH_USER_PATHS = NO;
				CLANG_ANALYZER_NONNULL = YES;
				CLANG_ANALYZER_NUMBER_OBJECT_CONVERSION = YES_AGGRESSIVE;
				CLANG_CXX_LANGUAGE_STANDARD = "gnu++17";
				CLANG_ENABLE_MODULES = YES;
				CLANG_ENABLE_OBJC_ARC = YES;
				CLANG_ENABLE_OBJC_WEAK = YES;
				CLANG_WARN_BLOCK_CAPTURE_AUTORELEASING = YES;
				CLANG_WARN_BOOL_CONVERSION = YES;
				CLANG_WARN_COMMA = YES;
				CLANG_WARN_CONSTANT_CONVERSION = YES;
				CLANG_WARN_DEPRECATED_OBJC_IMPLEMENTATIONS = YES;
				CLANG_WARN_DIRECT_OBJC_ISA_USAGE = YES_ERROR;
				CLANG_WARN_DOCUMENTATION_COMMENTS = YES;
				CLANG_WARN_EMPTY_BODY = YES;
				CLANG_WARN_ENUM_CONVERSION = YES;
				CLANG_WARN_INFINITE_RECURSION = YES;
				CLANG_WARN_INT_CONVERSION = YES;
				CLANG_WARN_NON_LITERAL_NULL_CONVERSION = YES;
				CLANG_WARN_OBJC_IMPLICIT_RETAIN_SELF = YES;
				CLANG_WARN_OBJC_LITERAL_CONVERSION = YES;
				CLANG_WARN_OBJC_ROOT_CLASS = YES_ERROR;
				CLANG_WARN_QUOTED_INCLUDE_IN_FRAMEWORK_HEADER = YES;
				CLANG_WARN_RANGE_LOOP_ANALYSIS = YES;
				CLANG_WARN_STRICT_PROTOTYPES = YES;
				CLANG_WARN_SUSPICIOUS_MOVE = YES;
				CLANG_WARN_UNGUARDED_AVAILABILITY = YES_AGGRESSIVE;
				CLANG_WARN_UNREACHABLE_CODE = YES;
				CLANG_WARN__DUPLICATE_METHOD_MATCH = YES;
				COPY_PHASE_STRIP = NO;
				DEBUG_INFORMATION_FORMAT = dwarf;
				ENABLE_STRICT_OBJC_MSGSEND = YES;
				ENABLE_TESTABILITY = YES;
				GCC_C_LANGUAGE_STANDARD = gnu11;
				GCC_DYNAMIC_NO_PIC = NO;
				GCC_NO_COMMON_BLOCKS = YES;
				GCC_OPTIMIZATION_LEVEL = 0;
				GCC_PREPROCESSOR_DEFINITIONS = (
					"DEBUG=1",
					"$(inherited)",
				);
				GCC_WARN_64_TO_32_BIT_CONVERSION = YES;
				GCC_WARN_ABOUT_RETURN_TYPE = YES_ERROR;
				GCC_WARN_UNDECLARED_SELECTOR = YES;
				GCC_WARN_UNINITIALIZED_AUTOS = YES_AGGRESSIVE;
				GCC_WARN_UNUSED_FUNCTION = YES;
				GCC_WARN_UNUSED_VARIABLE = YES;
				IPHONEOS_DEPLOYMENT_TARGET = 15.4;
				MTL_ENABLE_DEBUG_INFO = INCLUDE_SOURCE;
				MTL_FAST_MATH = YES;
				ONLY_ACTIVE_ARCH = YES;
				SDKROOT = iphoneos;
				SWIFT_ACTIVE_COMPILATION_CONDITIONS = DEBUG;
				SWIFT_OPTIMIZATION_LEVEL = "-Onone";
			};
			name = Debug;
		};
		83559B2327FF268900FA44B0 /* Release */ = {
			isa = XCBuildConfiguration;
			buildSettings = {
				ALWAYS_SEARCH_USER_PATHS = NO;
				CLANG_ANALYZER_NONNULL = YES;
				CLANG_ANALYZER_NUMBER_OBJECT_CONVERSION = YES_AGGRESSIVE;
				CLANG_CXX_LANGUAGE_STANDARD = "gnu++17";
				CLANG_ENABLE_MODULES = YES;
				CLANG_ENABLE_OBJC_ARC = YES;
				CLANG_ENABLE_OBJC_WEAK = YES;
				CLANG_WARN_BLOCK_CAPTURE_AUTORELEASING = YES;
				CLANG_WARN_BOOL_CONVERSION = YES;
				CLANG_WARN_COMMA = YES;
				CLANG_WARN_CONSTANT_CONVERSION = YES;
				CLANG_WARN_DEPRECATED_OBJC_IMPLEMENTATIONS = YES;
				CLANG_WARN_DIRECT_OBJC_ISA_USAGE = YES_ERROR;
				CLANG_WARN_DOCUMENTATION_COMMENTS = YES;
				CLANG_WARN_EMPTY_BODY = YES;
				CLANG_WARN_ENUM_CONVERSION = YES;
				CLANG_WARN_INFINITE_RECURSION = YES;
				CLANG_WARN_INT_CONVERSION = YES;
				CLANG_WARN_NON_LITERAL_NULL_CONVERSION = YES;
				CLANG_WARN_OBJC_IMPLICIT_RETAIN_SELF = YES;
				CLANG_WARN_OBJC_LITERAL_CONVERSION = YES;
				CLANG_WARN_OBJC_ROOT_CLASS = YES_ERROR;
				CLANG_WARN_QUOTED_INCLUDE_IN_FRAMEWORK_HEADER = YES;
				CLANG_WARN_RANGE_LOOP_ANALYSIS = YES;
				CLANG_WARN_STRICT_PROTOTYPES = YES;
				CLANG_WARN_SUSPICIOUS_MOVE = YES;
				CLANG_WARN_UNGUARDED_AVAILABILITY = YES_AGGRESSIVE;
				CLANG_WARN_UNREACHABLE_CODE = YES;
				CLANG_WARN__DUPLICATE_METHOD_MATCH = YES;
				COPY_PHASE_STRIP = NO;
				DEBUG_INFORMATION_FORMAT = "dwarf-with-dsym";
				ENABLE_NS_ASSERTIONS = NO;
				ENABLE_STRICT_OBJC_MSGSEND = YES;
				GCC_C_LANGUAGE_STANDARD = gnu11;
				GCC_NO_COMMON_BLOCKS = YES;
				GCC_WARN_64_TO_32_BIT_CONVERSION = YES;
				GCC_WARN_ABOUT_RETURN_TYPE = YES_ERROR;
				GCC_WARN_UNDECLARED_SELECTOR = YES;
				GCC_WARN_UNINITIALIZED_AUTOS = YES_AGGRESSIVE;
				GCC_WARN_UNUSED_FUNCTION = YES;
				GCC_WARN_UNUSED_VARIABLE = YES;
				IPHONEOS_DEPLOYMENT_TARGET = 15.4;
				MTL_ENABLE_DEBUG_INFO = NO;
				MTL_FAST_MATH = YES;
				SDKROOT = iphoneos;
				SWIFT_COMPILATION_MODE = wholemodule;
				SWIFT_OPTIMIZATION_LEVEL = "-O";
				VALIDATE_PRODUCT = YES;
			};
			name = Release;
		};
		83559B2527FF268900FA44B0 /* Debug */ = {
			isa = XCBuildConfiguration;
			buildSettings = {
				ASSETCATALOG_COMPILER_APPICON_NAME = AppIcon;
				ASSETCATALOG_COMPILER_GLOBAL_ACCENT_COLOR_NAME = AccentColor;
				CODE_SIGN_STYLE = Automatic;
				CURRENT_PROJECT_VERSION = 1;
				DEVELOPMENT_ASSET_PATHS = "\"Landmarks/Preview Content\"";
				DEVELOPMENT_TEAM = G9C97MRCXT;
				ENABLE_PREVIEWS = YES;
				GENERATE_INFOPLIST_FILE = YES;
				INFOPLIST_KEY_UIApplicationSceneManifest_Generation = YES;
				INFOPLIST_KEY_UIApplicationSupportsIndirectInputEvents = YES;
				INFOPLIST_KEY_UILaunchScreen_Generation = YES;
				INFOPLIST_KEY_UISupportedInterfaceOrientations_iPad = "UIInterfaceOrientationPortrait UIInterfaceOrientationPortraitUpsideDown UIInterfaceOrientationLandscapeLeft UIInterfaceOrientationLandscapeRight";
				INFOPLIST_KEY_UISupportedInterfaceOrientations_iPhone = "UIInterfaceOrientationPortrait UIInterfaceOrientationLandscapeLeft UIInterfaceOrientationLandscapeRight";
				LD_RUNPATH_SEARCH_PATHS = (
					"$(inherited)",
					"@executable_path/Frameworks",
				);
				MARKETING_VERSION = 1.0;
				PRODUCT_BUNDLE_IDENTIFIER = com.tonyhou.Landmarks;
				PRODUCT_NAME = "$(TARGET_NAME)";
				SWIFT_EMIT_LOC_STRINGS = YES;
				SWIFT_VERSION = 5.0;
				TARGETED_DEVICE_FAMILY = "1,2";
			};
			name = Debug;
		};
		83559B2627FF268900FA44B0 /* Release */ = {
			isa = XCBuildConfiguration;
			buildSettings = {
				ASSETCATALOG_COMPILER_APPICON_NAME = AppIcon;
				ASSETCATALOG_COMPILER_GLOBAL_ACCENT_COLOR_NAME = AccentColor;
				CODE_SIGN_STYLE = Automatic;
				CURRENT_PROJECT_VERSION = 1;
				DEVELOPMENT_ASSET_PATHS = "\"Landmarks/Preview Content\"";
				DEVELOPMENT_TEAM = G9C97MRCXT;
				ENABLE_PREVIEWS = YES;
				GENERATE_INFOPLIST_FILE = YES;
				INFOPLIST_KEY_UIApplicationSceneManifest_Generation = YES;
				INFOPLIST_KEY_UIApplicationSupportsIndirectInputEvents = YES;
				INFOPLIST_KEY_UILaunchScreen_Generation = YES;
				INFOPLIST_KEY_UISupportedInterfaceOrientations_iPad = "UIInterfaceOrientationPortrait UIInterfaceOrientationPortraitUpsideDown UIInterfaceOrientationLandscapeLeft UIInterfaceOrientationLandscapeRight";
				INFOPLIST_KEY_UISupportedInterfaceOrientations_iPhone = "UIInterfaceOrientationPortrait UIInterfaceOrientationLandscapeLeft UIInterfaceOrientationLandscapeRight";
				LD_RUNPATH_SEARCH_PATHS = (
					"$(inherited)",
					"@executable_path/Frameworks",
				);
				MARKETING_VERSION = 1.0;
				PRODUCT_BUNDLE_IDENTIFIER = com.tonyhou.Landmarks;
				PRODUCT_NAME = "$(TARGET_NAME)";
				SWIFT_EMIT_LOC_STRINGS = YES;
				SWIFT_VERSION = 5.0;
				TARGETED_DEVICE_FAMILY = "1,2";
			};
			name = Release;
		};
/* End XCBuildConfiguration section */

/* Begin XCConfigurationList section */
		83559B1127FF268900FA44B0 /* Build configuration list for PBXProject "Landmarks" */ = {
			isa = XCConfigurationList;
			buildConfigurations = (
				83559B2227FF268900FA44B0 /* Debug */,
				83559B2327FF268900FA44B0 /* Release */,
			);
			defaultConfigurationIsVisible = 0;
			defaultConfigurationName = Release;
		};
		83559B2427FF268900FA44B0 /* Build configuration list for PBXNativeTarget "Landmarks" */ = {
			isa = XCConfigurationList;
			buildConfigurations = (
				83559B2527FF268900FA44B0 /* Debug */,
				83559B2627FF268900FA44B0 /* Release */,
			);
			defaultConfigurationIsVisible = 0;
			defaultConfigurationName = Release;
		};
/* End XCConfigurationList section */
	};
	rootObject = 83559B0E27FF268900FA44B0 /* Project object */;
}
